{
  "name": "recursivetext",
  "version": "0.1.4",
  "lockfileVersion": 3,
  "requires": true,
  "packages": {
    "": {
      "name": "recursivetext",
      "version": "0.1.4",
      "license": "MIT",
      "dependencies": {
        "things": "^4.6.4"
      },
      "devDependencies": {
        "@types/node": "^18.15.11",
        "typescript": "^5.2.2"
      }
    },
    "node_modules/@types/node": {
      "version": "18.19.7",
      "resolved": "https://registry.npmjs.org/@types/node/-/node-18.19.7.tgz",
      "integrity": "sha512-IGRJfoNX10N/PfrReRZ1br/7SQ+2vF/tK3KXNwzXz82D32z5dMQEoOlFew18nLSN+vMNcLY4GrKfzwi/yWI8/w==",
      "dev": true,
      "dependencies": {
        "undici-types": "~5.26.4"
      }
    },
    "node_modules/perf_hooks": {
      "version": "0.0.1",
      "resolved": "https://registry.npmjs.org/perf_hooks/-/perf_hooks-0.0.1.tgz",
      "integrity": "sha512-qG/D9iA4KDme+KF4vCObJy6Bouu3BlQnmJ8jPydVPm32NJBD9ZK1ZNgXSYaZKHkVC1sKSqUiLgFvAZPUiIEnBw=="
    },
    "node_modules/things": {
      "version": "4.6.4",
      "resolved": "https://registry.npmjs.org/things/-/things-4.6.4.tgz",
      "integrity": "sha512-s+Ceu+4GFwHEJpP31s5GwN0B8mcLRw2cG/pXF7CRDA+0aAuPhw2y/WtZHShDFLMICob/+9n2NzaCPK/SRkJohw==",
      "dependencies": {
        "perf_hooks": "^0.0.1"
      }
    },
    "node_modules/typescript": {
      "version": "5.3.3",
      "resolved": "https://registry.npmjs.org/typescript/-/typescript-5.3.3.tgz",
      "integrity": "sha512-pXWcraxM0uxAS+tN0AG/BF2TyqmHO014Z070UsJ+pFvYuRSq8KH8DmWpnbXe0pEPDHXZV3FcAbJkijJ5oNEnWw==",
      "dev": true,
      "bin": {
        "tsc": "bin/tsc",
        "tsserver": "bin/tsserver"
      },
      "engines": {
        "node": ">=14.17"
      }
    },
    "node_modules/undici-types": {
      "version": "5.26.5",
      "resolved": "https://registry.npmjs.org/undici-types/-/undici-types-5.26.5.tgz",
      "integrity": "sha512-JlCMO+ehdEIKqlFxk6IfVoAUVmgz7cU7zD/h9XZ0qzeosSHmUJVOzSQvvYSYWXkFXC+IfLKSIffhv0sVZup6pA==",
      "dev": true
    }
  }
}
